
Microsoft Visual Studio Solution File, Format Version 12.00
# Visual Studio Version 17
VisualStudioVersion = 17.7.34024.191
MinimumVisualStudioVersion = 10.0.40219.1
Project("{FAE04EC0-301F-11D3-BF4B-00C04F79EFBC}") = "PokemonReviewApp", "PokemonReviewApp\PokemonReviewApp.csproj", "{A2AD892F-0003-4A3C-A7B7-0CF1366A36AA}"
EndProject
Global
	GlobalSection(SolutionConfigurationPlatforms) = preSolution
		Debug|Any CPU = Debug|Any CPU
		Release|Any CPU = Release|Any CPU
	EndGlobalSection
	GlobalSection(ProjectConfigurationPlatforms) = postSolution
		{A2AD892F-0003-4A3C-A7B7-0CF1366A36AA}.Debug|Any CPU.ActiveCfg = Debug|Any CPU
		{A2AD892F-0003-4A3C-A7B7-0CF1366A36AA}.Debug|Any CPU.Build.0 = Debug|Any CPU
		{A2AD892F-0003-4A3C-A7B7-0CF1366A36AA}.Release|Any CPU.ActiveCfg = Release|Any CPU
		{A2AD892F-0003-4A3C-A7B7-0CF1366A36AA}.Release|Any CPU.Build.0 = Release|Any CPU
	EndGlobalSection
	GlobalSection(SolutionProperties) = preSolution
		HideSolutionNode = FALSE
	EndGlobalSection
	GlobalSection(ExtensibilityGlobals) = postSolution
		SolutionGuid = {A20181D3-8F7D-4379-8A54-42B8E099C4D6}
	EndGlobalSection
EndGlobal
